{
  "name": "wocker",
  "version": "2.0.0-beta.5",
  "lockfileVersion": 1,
  "requires": true,
  "dependencies": {
    "wocker-cli": {
      "version": "2.0.0-beta.5",
      "resolved": "https://registry.npmjs.org/wocker-cli/-/wocker-cli-2.0.0-beta.5.tgz",
      "integrity": "sha512-3/6nl5oX+b4gf/4HBi0Q/RWByAJHM4Z6Qko/lQ+nU5uWMkycZC9rzf0ez0ZGx32mR3x+66IcX1Py0WhMJpuPCw=="
    }
  }
}
